# This file was autogenerated by Stack.
# You should not edit this file by hand.
# For more information, please see the documentation at:
#   https://docs.haskellstack.org/en/stable/topics/lock_files

packages:
- completed:
    hackage: vty-crossplatform-0.4.0.0@sha256:50593f91ad16777d921138475a8d2784d538fd206addd30664c620278d6c8544,3172
    pantry-tree:
      sha256: ff010cf0ab3f48c43432268a00113e051599285d6ed60cfada7f53e44dbe00f8
      size: 582
  original:
    hackage: vty-crossplatform-0.4.0.0
- completed:
    hackage: vty-windows-0.2.0.4@sha256:6e338f56b8a1cac34ec53433bdbfc6d104cbf90ae296ad42830d7f3cea83ecca,2753
    pantry-tree:
      sha256: 39d57fe0f5a35b989c704e3ca889ee320d44973d477277cd41311bce5fcc1708
      size: 2063
  original:
    hackage: vty-windows-0.2.0.4@sha256:6e338f56b8a1cac34ec53433bdbfc6d104cbf90ae296ad42830d7f3cea83ecca,2753
- completed:
    hackage: Win32-2.14.2.1@sha256:7c68fc9d937c6e4c590472e9dd06d7e336338e01a5f2918ee9cf75c28871badd,5875
    pantry-tree:
      sha256: 9a1ec43b1f0151ce1c0f37b9e0043f97579ec38416d8a69b178663d3d77624db
      size: 8301
  original:
    hackage: Win32-2.14.2.1@sha256:7c68fc9d937c6e4c590472e9dd06d7e336338e01a5f2918ee9cf75c28871badd,5875
- completed:
    hackage: directory-1.3.9.0@sha256:ed6784601c6a800d4c1e40efbc9f20cf33ae2f25cac301fc239f9c91947b816b,3307
    pantry-tree:
      sha256: 2cd113a92cacbc5a9fc04bce56b12037a81e837c91ec82462835aa495125f4c7
      size: 3386
  original:
    hackage: directory-1.3.9.0@sha256:ed6784601c6a800d4c1e40efbc9f20cf33ae2f25cac301fc239f9c91947b816b,3307
- completed:
    hackage: process-1.6.26.1@sha256:6def2e07c317f52f4d30c43e92f97b7bc5f7c27cb1270d386b15dce429e1180f,2947
    pantry-tree:
      sha256: 4cdf369a03c496a02a67d6d963884ae7b57eead30407881316983394b73cdc2e
      size: 1869
  original:
    hackage: process-1.6.26.1@sha256:6def2e07c317f52f4d30c43e92f97b7bc5f7c27cb1270d386b15dce429e1180f,2947
- completed:
    hackage: time-1.12.2@sha256:88e8493d9130038d3b9968a2530a0900141cd3d938483c83dde56e12b875ebc8,6510
    pantry-tree:
      sha256: de0ab314661da3788b5dad20254e44929b1659b00d32b5a0cd54922a05e006e8
      size: 7264
  original:
    hackage: time-1.12.2@sha256:88e8493d9130038d3b9968a2530a0900141cd3d938483c83dde56e12b875ebc8,6510
- completed:
    hackage: Cabal-syntax-3.10.3.0@sha256:5904508da905b34d995a704a86970de489cc4495dd981b1cfe5fb5baa2bde71b,7672
    pantry-tree:
      sha256: 9fc66c9d0e6d487de26a25453a9b87631871e77e0250456a28b2bc87aff4c569
      size: 11052
  original:
    hackage: Cabal-syntax-3.10.3.0@sha256:5904508da905b34d995a704a86970de489cc4495dd981b1cfe5fb5baa2bde71b,7672
- completed:
    hackage: fourmolu-0.13.1.0@sha256:bb4428d6069e4d09475e613cf8c0a1d8ce442bd1aef4aa0e069b21ce7c8f0f4b,6999
    pantry-tree:
      sha256: e5085af775945c2fc456ced07428da5f02873a4503fc11f562524403bb1f7cac
      size: 155362
  original:
    hackage: fourmolu-0.13.1.0
snapshots:
- completed:
    sha256: 238fa745b64f91184f9aa518fe04bdde6552533d169b0da5256670df83a0f1a9
    size: 721141
    url: https://raw.githubusercontent.com/commercialhaskell/stackage-snapshots/master/lts/22/44.yaml
  original: lts-22.44
