# This file was autogenerated by Stack.
# You should not edit this file by hand.
# For more information, please see the documentation at:
#   https://docs.haskellstack.org/en/stable/lock_files

packages: []
snapshots:
- completed:
    size: 541635
    url: https://raw.githubusercontent.com/commercialhaskell/stackage-snapshots/master/nightly/2020/10/22.yaml
    sha256: 2863d9efeb7101c5fe3dfcbe0d322abdaba5a8f772414ad9f94d38ad18a99d1e
  original: nightly-2020-10-22
